
Microsoft Visual Studio Solution File, Format Version 12.00
# Visual Studio Version 17
VisualStudioVersion = 17.14.36518.9 d17.14
MinimumVisualStudioVersion = 10.0.40219.1
Project("{FAE04EC0-301F-11D3-BF4B-00C04F79EFBC}") = "CorridaBeneficente", "CorridaBeneficente\CorridaBeneficente.csproj", "{6978AD30-DA6F-4957-9DA2-C18E3474C0CB}"
EndProject
Global
	GlobalSection(SolutionConfigurationPlatforms) = preSolution
		Debug|Any CPU = Debug|Any CPU
		Release|Any CPU = Release|Any CPU
	EndGlobalSection
	GlobalSection(ProjectConfigurationPlatforms) = postSolution
		{6978AD30-DA6F-4957-9DA2-C18E3474C0CB}.Debug|Any CPU.ActiveCfg = Debug|Any CPU
		{6978AD30-DA6F-4957-9DA2-C18E3474C0CB}.Debug|Any CPU.Build.0 = Debug|Any CPU
		{6978AD30-DA6F-4957-9DA2-C18E3474C0CB}.Release|Any CPU.ActiveCfg = Release|Any CPU
		{6978AD30-DA6F-4957-9DA2-C18E3474C0CB}.Release|Any CPU.Build.0 = Release|Any CPU
	EndGlobalSection
	GlobalSection(SolutionProperties) = preSolution
		HideSolutionNode = FALSE
	EndGlobalSection
	GlobalSection(ExtensibilityGlobals) = postSolution
		SolutionGuid = {883C1B0A-881E-49CF-B73C-760B158501F2}
	EndGlobalSection
EndGlobal
